{
    "_readme": [
        "This file locks the dependencies of your project to a known state",
        "Read more about it at https://getcomposer.org/doc/01-basic-usage.md#composer-lock-the-lock-file",
        "This file is @generated automatically"
    ],
    "content-hash": "7613ba59347cfeba8f654e3d89db3440",
    "packages": [
        {
            "name": "ccampbell/chromephp",
            "version": "4.1.0",
            "source": {
                "type": "git",
                "url": "https://github.com/ccampbell/chromephp.git",
                "reference": "c3c297615d48ae5b2a86a82311152d1ed095fcef"
            },
            "dist": {
                "type": "zip",
                "url": "https://files.phpcomposer.com/files/ccampbell/chromephp/c3c297615d48ae5b2a86a82311152d1ed095fcef.zip",
                "reference": "c3c297615d48ae5b2a86a82311152d1ed095fcef",
                "shasum": ""
            },
            "require": {
                "php": ">=5.0.0"
            },
            "type": "library",
            "autoload": {
                "psr-0": {
                    "ChromePhp": ""
                }
            },
            "notification-url": "https://packagist.org/downloads/",
            "license": [
                "Apache-2.0"
            ],
            "authors": [
                {
                    "name": "Craig Campbell",
                    "email": "iamcraigcampbell@gmail.com",
                    "homepage": "http://craig.is",
                    "role": "Developer"
                }
            ],
            "description": "Log variables to the Chrome console (via Chrome Logger Google Chrome extension).",
            "homepage": "http://github.com/ccampbell/chromephp",
            "keywords": [
                "log",
                "logging"
            ],
            "time": "2013-06-26T03:44:33+00:00"
        },
        {
            "name": "slim/slim",
            "version": "2.6.0",
            "source": {
                "type": "git",
                "url": "https://github.com/slimphp/Slim.git",
                "reference": "e434525b348963457e00fe3d46376ebb70581781"
            },
            "dist": {
                "type": "zip",
                "url": "https://files.phpcomposer.com/files/slimphp/Slim/e434525b348963457e00fe3d46376ebb70581781.zip",
                "reference": "e434525b348963457e00fe3d46376ebb70581781",
                "shasum": ""
            },
            "require": {
                "php": ">=5.3.0"
            },
            "suggest": {
                "ext-mcrypt": "Required for HTTP cookie encryption"
            },
            "type": "library",
            "autoload": {
                "psr-0": {
                    "Slim": "."
                }
            },
            "notification-url": "https://packagist.org/downloads/",
            "license": [
                "MIT"
            ],
            "authors": [
                {
                    "name": "Josh Lockhart",
                    "email": "info@joshlockhart.com",
                    "homepage": "http://www.joshlockhart.com/"
                }
            ],
            "description": "Slim Framework, a PHP micro framework",
            "homepage": "http://github.com/codeguy/Slim",
            "keywords": [
                "microframework",
                "rest",
                "router"
            ],
            "time": "2015-03-02T02:13:34+00:00"
        }
    ],
    "packages-dev": [],
    "aliases": [],
    "minimum-stability": "stable",
    "stability-flags": [],
    "prefer-stable": false,
    "prefer-lowest": false,
    "platform": [],
    "platform-dev": []
}
